// !$*UTF8*$!
{
	archiveVersion = 1;
	classes = {
	};
	objectVersion = 46;
	objects = {

/* Begin PBXBuildFile section */
		BFEE742019F9689700B533E0 /* AppDelegate.swift in Sources */ = {isa = PBXBuildFile; fileRef = BFEE741F19F9689700B533E0 /* AppDelegate.swift */; };
		BFEE742219F9689700B533E0 /* RootViewController.swift in Sources */ = {isa = PBXBuildFile; fileRef = BFEE742119F9689700B533E0 /* RootViewController.swift */; };
		BFEE742419F9689700B533E0 /* DataViewController.swift in Sources */ = {isa = PBXBuildFile; fileRef = BFEE742319F9689700B533E0 /* DataViewController.swift */; };
		BFEE742619F9689700B533E0 /* ModelController.swift in Sources */ = {isa = PBXBuildFile; fileRef = BFEE742519F9689700B533E0 /* ModelController.swift */; };
		BFEE742919F9689700B533E0 /* Main.storyboard in Resources */ = {isa = PBXBuildFile; fileRef = BFEE742719F9689700B533E0 /* Main.storyboard */; };
		BFEE742B19F9689700B533E0 /* Images.xcassets in Resources */ = {isa = PBXBuildFile; fileRef = BFEE742A19F9689700B533E0 /* Images.xcassets */; };
		BFEE742E19F9689700B533E0 /* LaunchScreen.xib in Resources */ = {isa = PBXBuildFile; fileRef = BFEE742C19F9689700B533E0 /* LaunchScreen.xib */; };
		BFEE743A19F9689700B533E0 /* CV_CalculatorTests.swift in Sources */ = {isa = PBXBuildFile; fileRef = BFEE743919F9689700B533E0 /* CV_CalculatorTests.swift */; };
/* End PBXBuildFile section */

/* Begin PBXContainerItemProxy section */
		BFEE743419F9689700B533E0 /* PBXContainerItemProxy */ = {
			isa = PBXContainerItemProxy;
			containerPortal = BFEE741219F9689700B533E0 /* Project object */;
			proxyType = 1;
			remoteGlobalIDString = BFEE741919F9689700B533E0;
			remoteInfo = "CV Calculator";
		};
/* End PBXContainerItemProxy section */

/* Begin PBXFileReference section */
		BFEE741A19F9689700B533E0 /* CV Calculator.app */ = {isa = PBXFileReference; explicitFileType = wrapper.application; includeInIndex = 0; path = "CV Calculator.app"; sourceTree = BUILT_PRODUCTS_DIR; };
		BFEE741E19F9689700B533E0 /* Info.plist */ = {isa = PBXFileReference; lastKnownFileType = text.plist.xml; path = Info.plist; sourceTree = "<group>"; };
		BFEE741F19F9689700B533E0 /* AppDelegate.swift */ = {isa = PBXFileReference; lastKnownFileType = sourcecode.swift; path = AppDelegate.swift; sourceTree = "<group>"; };
		BFEE742119F9689700B533E0 /* RootViewController.swift */ = {isa = PBXFileReference; lastKnownFileType = sourcecode.swift; path = RootViewController.swift; sourceTree = "<group>"; };
		BFEE742319F9689700B533E0 /* DataViewController.swift */ = {isa = PBXFileReference; lastKnownFileType = sourcecode.swift; path = DataViewController.swift; sourceTree = "<group>"; };
		BFEE742519F9689700B533E0 /* ModelController.swift */ = {isa = PBXFileReference; lastKnownFileType = sourcecode.swift; path = ModelController.swift; sourceTree = "<group>"; };
		BFEE742819F9689700B533E0 /* Base */ = {isa = PBXFileReference; lastKnownFileType = file.storyboard; name = Base; path = Base.lproj/Main.storyboard; sourceTree = "<group>"; };
		BFEE742A19F9689700B533E0 /* Images.xcassets */ = {isa = PBXFileReference; lastKnownFileType = folder.assetcatalog; path = Images.xcassets; sourceTree = "<group>"; };
		BFEE742D19F9689700B533E0 /* Base */ = {isa = PBXFileReference; lastKnownFileType = file.xib; name = Base; path = Base.lproj/LaunchScreen.xib; sourceTree = "<group>"; };
		BFEE743319F9689700B533E0 /* CV CalculatorTests.xctest */ = {isa = PBXFileReference; explicitFileType = wrapper.cfbundle; includeInIndex = 0; path = "CV CalculatorTests.xctest"; sourceTree = BUILT_PRODUCTS_DIR; };
		BFEE743819F9689700B533E0 /* Info.plist */ = {isa = PBXFileReference; lastKnownFileType = text.plist.xml; path = Info.plist; sourceTree = "<group>"; };
		BFEE743919F9689700B533E0 /* CV_CalculatorTests.swift */ = {isa = PBXFileReference; lastKnownFileType = sourcecode.swift; path = CV_CalculatorTests.swift; sourceTree = "<group>"; };
/* End PBXFileReference section */

/* Begin PBXFrameworksBuildPhase section */
		BFEE741719F9689700B533E0 /* Frameworks */ = {
			isa = PBXFrameworksBuildPhase;
			buildActionMask = 2147483647;
			files = (
			);
			runOnlyForDeploymentPostprocessing = 0;
		};
		BFEE743019F9689700B533E0 /* Frameworks */ = {
			isa = PBXFrameworksBuildPhase;
			buildActionMask = 2147483647;
			files = (
			);
			runOnlyForDeploymentPostprocessing = 0;
		};
/* End PBXFrameworksBuildPhase section */

/* Begin PBXGroup section */
		BFEE741119F9689700B533E0 = {
			isa = PBXGroup;
			children = (
				BFEE741C19F9689700B533E0 /* CV Calculator */,
				BFEE743619F9689700B533E0 /* CV CalculatorTests */,
				BFEE741B19F9689700B533E0 /* Products */,
			);
			sourceTree = "<group>";
		};
		BFEE741B19F9689700B533E0 /* Products */ = {
			isa = PBXGroup;
			children = (
				BFEE741A19F9689700B533E0 /* CV Calculator.app */,
				BFEE743319F9689700B533E0 /* CV CalculatorTests.xctest */,
			);
			name = Products;
			sourceTree = "<group>";
		};
		BFEE741C19F9689700B533E0 /* CV Calculator */ = {
			isa = PBXGroup;
			children = (
				BFEE741F19F9689700B533E0 /* AppDelegate.swift */,
				BFEE742119F9689700B533E0 /* RootViewController.swift */,
				BFEE742319F9689700B533E0 /* DataViewController.swift */,
				BFEE742519F9689700B533E0 /* ModelController.swift */,
				BFEE742719F9689700B533E0 /* Main.storyboard */,
				BFEE742A19F9689700B533E0 /* Images.xcassets */,
				BFEE742C19F9689700B533E0 /* LaunchScreen.xib */,
				BFEE741D19F9689700B533E0 /* Supporting Files */,
			);
			path = "CV Calculator";
			sourceTree = "<group>";
		};
		BFEE741D19F9689700B533E0 /* Supporting Files */ = {
			isa = PBXGroup;
			children = (
				BFEE741E19F9689700B533E0 /* Info.plist */,
			);
			name = "Supporting Files";
			sourceTree = "<group>";
		};
		BFEE743619F9689700B533E0 /* CV CalculatorTests */ = {
			isa = PBXGroup;
			children = (
				BFEE743919F9689700B533E0 /* CV_CalculatorTests.swift */,
				BFEE743719F9689700B533E0 /* Supporting Files */,
			);
			path = "CV CalculatorTests";
			sourceTree = "<group>";
		};
		BFEE743719F9689700B533E0 /* Supporting Files */ = {
			isa = PBXGroup;
			children = (
				BFEE743819F9689700B533E0 /* Info.plist */,
			);
			name = "Supporting Files";
			sourceTree = "<group>";
		};
/* End PBXGroup section */

/* Begin PBXNativeTarget section */
		BFEE741919F9689700B533E0 /* CV Calculator */ = {
			isa = PBXNativeTarget;
			buildConfigurationList = BFEE743D19F9689700B533E0 /* Build configuration list for PBXNativeTarget "CV Calculator" */;
			buildPhases = (
				BFEE741619F9689700B533E0 /* Sources */,
				BFEE741719F9689700B533E0 /* Frameworks */,
				BFEE741819F9689700B533E0 /* Resources */,
			);
			buildRules = (
			);
			dependencies = (
			);
			name = "CV Calculator";
			productName = "CV Calculator";
			productReference = BFEE741A19F9689700B533E0 /* CV Calculator.app */;
			productType = "com.apple.product-type.application";
		};
		BFEE743219F9689700B533E0 /* CV CalculatorTests */ = {
			isa = PBXNativeTarget;
			buildConfigurationList = BFEE744019F9689700B533E0 /* Build configuration list for PBXNativeTarget "CV CalculatorTests" */;
			buildPhases = (
				BFEE742F19F9689700B533E0 /* Sources */,
				BFEE743019F9689700B533E0 /* Frameworks */,
				BFEE743119F9689700B533E0 /* Resources */,
			);
			buildRules = (
			);
			dependencies = (
				BFEE743519F9689700B533E0 /* PBXTargetDependency */,
			);
			name = "CV CalculatorTests";
			productName = "CV CalculatorTests";
			productReference = BFEE743319F9689700B533E0 /* CV CalculatorTests.xctest */;
			productType = "com.apple.product-type.bundle.unit-test";
		};
/* End PBXNativeTarget section */

/* Begin PBXProject section */
		BFEE741219F9689700B533E0 /* Project object */ = {
			isa = PBXProject;
			attributes = {
				LastUpgradeCheck = 0610;
				ORGANIZATIONNAME = "Bürkert";
				TargetAttributes = {
					BFEE741919F9689700B533E0 = {
						CreatedOnToolsVersion = 6.1;
					};
					BFEE743219F9689700B533E0 = {
						CreatedOnToolsVersion = 6.1;
						TestTargetID = BFEE741919F9689700B533E0;
					};
				};
			};
			buildConfigurationList = BFEE741519F9689700B533E0 /* Build configuration list for PBXProject "CV Calculator" */;
			compatibilityVersion = "Xcode 3.2";
			developmentRegion = English;
			hasScannedForEncodings = 0;
			knownRegions = (
				en,
				Base,
			);
			mainGroup = BFEE741119F9689700B533E0;
			productRefGroup = BFEE741B19F9689700B533E0 /* Products */;
			projectDirPath = "";
			projectRoot = "";
			targets = (
				BFEE741919F9689700B533E0 /* CV Calculator */,
				BFEE743219F9689700B533E0 /* CV CalculatorTests */,
			);
		};
/* End PBXProject section */

/* Begin PBXResourcesBuildPhase section */
		BFEE741819F9689700B533E0 /* Resources */ = {
			isa = PBXResourcesBuildPhase;
			buildActionMask = 2147483647;
			files = (
				BFEE742919F9689700B533E0 /* Main.storyboard in Resources */,
				BFEE742E19F9689700B533E0 /* LaunchScreen.xib in Resources */,
				BFEE742B19F9689700B533E0 /* Images.xcassets in Resources */,
			);
			runOnlyForDeploymentPostprocessing = 0;
		};
		BFEE743119F9689700B533E0 /* Resources */ = {
			isa = PBXResourcesBuildPhase;
			buildActionMask = 2147483647;
			files = (
			);
			runOnlyForDeploymentPostprocessing = 0;
		};
/* End PBXResourcesBuildPhase section */

/* Begin PBXSourcesBuildPhase section */
		BFEE741619F9689700B533E0 /* Sources */ = {
			isa = PBXSourcesBuildPhase;
			buildActionMask = 2147483647;
			files = (
				BFEE742219F9689700B533E0 /* RootViewController.swift in Sources */,
				BFEE742619F9689700B533E0 /* ModelController.swift in Sources */,
				BFEE742419F9689700B533E0 /* DataViewController.swift in Sources */,
				BFEE742019F9689700B533E0 /* AppDelegate.swift in Sources */,
			);
			runOnlyForDeploymentPostprocessing = 0;
		};
		BFEE742F19F9689700B533E0 /* Sources */ = {
			isa = PBXSourcesBuildPhase;
			buildActionMask = 2147483647;
			files = (
				BFEE743A19F9689700B533E0 /* CV_CalculatorTests.swift in Sources */,
			);
			runOnlyForDeploymentPostprocessing = 0;
		};
/* End PBXSourcesBuildPhase section */

/* Begin PBXTargetDependency section */
		BFEE743519F9689700B533E0 /* PBXTargetDependency */ = {
			isa = PBXTargetDependency;
			target = BFEE741919F9689700B533E0 /* CV Calculator */;
			targetProxy = BFEE743419F9689700B533E0 /* PBXContainerItemProxy */;
		};
/* End PBXTargetDependency section */

/* Begin PBXVariantGroup section */
		BFEE742719F9689700B533E0 /* Main.storyboard */ = {
			isa = PBXVariantGroup;
			children = (
				BFEE742819F9689700B533E0 /* Base */,
			);
			name = Main.storyboard;
			sourceTree = "<group>";
		};
		BFEE742C19F9689700B533E0 /* LaunchScreen.xib */ = {
			isa = PBXVariantGroup;
			children = (
				BFEE742D19F9689700B533E0 /* Base */,
			);
			name = LaunchScreen.xib;
			sourceTree = "<group>";
		};
/* End PBXVariantGroup section */

/* Begin XCBuildConfiguration section */
		BFEE743B19F9689700B533E0 /* Debug */ = {
			isa = XCBuildConfiguration;
			buildSettings = {
				ALWAYS_SEARCH_USER_PATHS = NO;
				CLANG_CXX_LANGUAGE_STANDARD = "gnu++0x";
				CLANG_CXX_LIBRARY = "libc++";
				CLANG_ENABLE_MODULES = YES;
				CLANG_ENABLE_OBJC_ARC = YES;
				CLANG_WARN_BOOL_CONVERSION = YES;
				CLANG_WARN_CONSTANT_CONVERSION = YES;
				CLANG_WARN_DIRECT_OBJC_ISA_USAGE = YES_ERROR;
				CLANG_WARN_EMPTY_BODY = YES;
				CLANG_WARN_ENUM_CONVERSION = YES;
				CLANG_WARN_INT_CONVERSION = YES;
				CLANG_WARN_OBJC_ROOT_CLASS = YES_ERROR;
				CLANG_WARN_UNREACHABLE_CODE = YES;
				CLANG_WARN__DUPLICATE_METHOD_MATCH = YES;
				"CODE_SIGN_IDENTITY[sdk=iphoneos*]" = "iPhone Developer";
				COPY_PHASE_STRIP = NO;
				ENABLE_STRICT_OBJC_MSGSEND = YES;
				GCC_C_LANGUAGE_STANDARD = gnu99;
				GCC_DYNAMIC_NO_PIC = NO;
				GCC_OPTIMIZATION_LEVEL = 0;
				GCC_PREPROCESSOR_DEFINITIONS = (
					"DEBUG=1",
					"$(inherited)",
				);
				GCC_SYMBOLS_PRIVATE_EXTERN = NO;
				GCC_WARN_64_TO_32_BIT_CONVERSION = YES;
				GCC_WARN_ABOUT_RETURN_TYPE = YES_ERROR;
				GCC_WARN_UNDECLARED_SELECTOR = YES;
				GCC_WARN_UNINITIALIZED_AUTOS = YES_AGGRESSIVE;
				GCC_WARN_UNUSED_FUNCTION = YES;
				GCC_WARN_UNUSED_VARIABLE = YES;
				IPHONEOS_DEPLOYMENT_TARGET = 8.1;
				MTL_ENABLE_DEBUG_INFO = YES;
				ONLY_ACTIVE_ARCH = YES;
				SDKROOT = iphoneos;
				SWIFT_OPTIMIZATION_LEVEL = "-Onone";
				TARGETED_DEVICE_FAMILY = "1,2";
			};
			name = Debug;
		};
		BFEE743C19F9689700B533E0 /* Release */ = {
			isa = XCBuildConfiguration;
			buildSettings = {
				ALWAYS_SEARCH_USER_PATHS = NO;
				CLANG_CXX_LANGUAGE_STANDARD = "gnu++0x";
				CLANG_CXX_LIBRARY = "libc++";
				CLANG_ENABLE_MODULES = YES;
				CLANG_ENABLE_OBJC_ARC = YES;
				CLANG_WARN_BOOL_CONVERSION = YES;
				CLANG_WARN_CONSTANT_CONVERSION = YES;
				CLANG_WARN_DIRECT_OBJC_ISA_USAGE = YES_ERROR;
				CLANG_WARN_EMPTY_BODY = YES;
				CLANG_WARN_ENUM_CONVERSION = YES;
				CLANG_WARN_INT_CONVERSION = YES;
				CLANG_WARN_OBJC_ROOT_CLASS = YES_ERROR;
				CLANG_WARN_UNREACHABLE_CODE = YES;
				CLANG_WARN__DUPLICATE_METHOD_MATCH = YES;
				"CODE_SIGN_IDENTITY[sdk=iphoneos*]" = "iPhone Developer";
				COPY_PHASE_STRIP = YES;
				ENABLE_NS_ASSERTIONS = NO;
				ENABLE_STRICT_OBJC_MSGSEND = YES;
				GCC_C_LANGUAGE_STANDARD = gnu99;
				GCC_WARN_64_TO_32_BIT_CONVERSION = YES;
				GCC_WARN_ABOUT_RETURN_TYPE = YES_ERROR;
				GCC_WARN_UNDECLARED_SELECTOR = YES;
				GCC_WARN_UNINITIALIZED_AUTOS = YES_AGGRESSIVE;
				GCC_WARN_UNUSED_FUNCTION = YES;
				GCC_WARN_UNUSED_VARIABLE = YES;
				IPHONEOS_DEPLOYMENT_TARGET = 8.1;
				MTL_ENABLE_DEBUG_INFO = NO;
				SDKROOT = iphoneos;
				TARGETED_DEVICE_FAMILY = "1,2";
				VALIDATE_PRODUCT = YES;
			};
			name = Release;
		};
		BFEE743E19F9689700B533E0 /* Debug */ = {
			isa = XCBuildConfiguration;
			buildSettings = {
				ASSETCATALOG_COMPILER_APPICON_NAME = AppIcon;
				INFOPLIST_FILE = "CV Calculator/Info.plist";
				LD_RUNPATH_SEARCH_PATHS = "$(inherited) @executable_path/Frameworks";
				PRODUCT_NAME = "$(TARGET_NAME)";
			};
			name = Debug;
		};
		BFEE743F19F9689700B533E0 /* Release */ = {
			isa = XCBuildConfiguration;
			buildSettings = {
				ASSETCATALOG_COMPILER_APPICON_NAME = AppIcon;
				INFOPLIST_FILE = "CV Calculator/Info.plist";
				LD_RUNPATH_SEARCH_PATHS = "$(inherited) @executable_path/Frameworks";
				PRODUCT_NAME = "$(TARGET_NAME)";
			};
			name = Release;
		};
		BFEE744119F9689700B533E0 /* Debug */ = {
			isa = XCBuildConfiguration;
			buildSettings = {
				BUNDLE_LOADER = "$(TEST_HOST)";
				FRAMEWORK_SEARCH_PATHS = (
					"$(SDKROOT)/Developer/Library/Frameworks",
					"$(inherited)",
				);
				GCC_PREPROCESSOR_DEFINITIONS = (
					"DEBUG=1",
					"$(inherited)",
				);
				INFOPLIST_FILE = "CV CalculatorTests/Info.plist";
				LD_RUNPATH_SEARCH_PATHS = "$(inherited) @executable_path/Frameworks @loader_path/Frameworks";
				PRODUCT_NAME = "$(TARGET_NAME)";
				TEST_HOST = "$(BUILT_PRODUCTS_DIR)/CV Calculator.app/CV Calculator";
			};
			name = Debug;
		};
		BFEE744219F9689700B533E0 /* Release */ = {
			isa = XCBuildConfiguration;
			buildSettings = {
				BUNDLE_LOADER = "$(TEST_HOST)";
				FRAMEWORK_SEARCH_PATHS = (
					"$(SDKROOT)/Developer/Library/Frameworks",
					"$(inherited)",
				);
				INFOPLIST_FILE = "CV CalculatorTests/Info.plist";
				LD_RUNPATH_SEARCH_PATHS = "$(inherited) @executable_path/Frameworks @loader_path/Frameworks";
				PRODUCT_NAME = "$(TARGET_NAME)";
				TEST_HOST = "$(BUILT_PRODUCTS_DIR)/CV Calculator.app/CV Calculator";
			};
			name = Release;
		};
/* End XCBuildConfiguration section */

/* Begin XCConfigurationList section */
		BFEE741519F9689700B533E0 /* Build configuration list for PBXProject "CV Calculator" */ = {
			isa = XCConfigurationList;
			buildConfigurations = (
				BFEE743B19F9689700B533E0 /* Debug */,
				BFEE743C19F9689700B533E0 /* Release */,
			);
			defaultConfigurationIsVisible = 0;
			defaultConfigurationName = Release;
		};
		BFEE743D19F9689700B533E0 /* Build configuration list for PBXNativeTarget "CV Calculator" */ = {
			isa = XCConfigurationList;
			buildConfigurations = (
				BFEE743E19F9689700B533E0 /* Debug */,
				BFEE743F19F9689700B533E0 /* Release */,
			);
			defaultConfigurationIsVisible = 0;
		};
		BFEE744019F9689700B533E0 /* Build configuration list for PBXNativeTarget "CV CalculatorTests" */ = {
			isa = XCConfigurationList;
			buildConfigurations = (
				BFEE744119F9689700B533E0 /* Debug */,
				BFEE744219F9689700B533E0 /* Release */,
			);
			defaultConfigurationIsVisible = 0;
		};
/* End XCConfigurationList section */
	};
	rootObject = BFEE741219F9689700B533E0 /* Project object */;
}
