// !$*UTF8*$!
{
	archiveVersion = 1;
	classes = {
	};
	objectVersion = 46;
	objects = {

/* Begin PBXBuildFile section */
		BFA23E2319F97C8D00CB9341 /* AppDelegate.swift in Sources */ = {isa = PBXBuildFile; fileRef = BFA23E2219F97C8D00CB9341 /* AppDelegate.swift */; };
		BFA23E2519F97C8D00CB9341 /* FirstViewController.swift in Sources */ = {isa = PBXBuildFile; fileRef = BFA23E2419F97C8D00CB9341 /* FirstViewController.swift */; };
		BFA23E2719F97C8D00CB9341 /* SecondViewController.swift in Sources */ = {isa = PBXBuildFile; fileRef = BFA23E2619F97C8D00CB9341 /* SecondViewController.swift */; };
		BFA23E2A19F97C8D00CB9341 /* Main.storyboard in Resources */ = {isa = PBXBuildFile; fileRef = BFA23E2819F97C8D00CB9341 /* Main.storyboard */; };
		BFA23E2C19F97C8D00CB9341 /* Images.xcassets in Resources */ = {isa = PBXBuildFile; fileRef = BFA23E2B19F97C8D00CB9341 /* Images.xcassets */; };
		BFA23E2F19F97C8D00CB9341 /* LaunchScreen.xib in Resources */ = {isa = PBXBuildFile; fileRef = BFA23E2D19F97C8D00CB9341 /* LaunchScreen.xib */; };
		BFA23E3B19F97C8D00CB9341 /* CV_CalculatorTests.swift in Sources */ = {isa = PBXBuildFile; fileRef = BFA23E3A19F97C8D00CB9341 /* CV_CalculatorTests.swift */; };
/* End PBXBuildFile section */

/* Begin PBXContainerItemProxy section */
		BFA23E3519F97C8D00CB9341 /* PBXContainerItemProxy */ = {
			isa = PBXContainerItemProxy;
			containerPortal = BFA23E1519F97C8D00CB9341 /* Project object */;
			proxyType = 1;
			remoteGlobalIDString = BFA23E1C19F97C8D00CB9341;
			remoteInfo = "CV Calculator";
		};
/* End PBXContainerItemProxy section */

/* Begin PBXFileReference section */
		BFA23E1D19F97C8D00CB9341 /* CV Calculator.app */ = {isa = PBXFileReference; explicitFileType = wrapper.application; includeInIndex = 0; path = "CV Calculator.app"; sourceTree = BUILT_PRODUCTS_DIR; };
		BFA23E2119F97C8D00CB9341 /* Info.plist */ = {isa = PBXFileReference; lastKnownFileType = text.plist.xml; path = Info.plist; sourceTree = "<group>"; };
		BFA23E2219F97C8D00CB9341 /* AppDelegate.swift */ = {isa = PBXFileReference; lastKnownFileType = sourcecode.swift; path = AppDelegate.swift; sourceTree = "<group>"; };
		BFA23E2419F97C8D00CB9341 /* FirstViewController.swift */ = {isa = PBXFileReference; lastKnownFileType = sourcecode.swift; path = FirstViewController.swift; sourceTree = "<group>"; };
		BFA23E2619F97C8D00CB9341 /* SecondViewController.swift */ = {isa = PBXFileReference; lastKnownFileType = sourcecode.swift; path = SecondViewController.swift; sourceTree = "<group>"; };
		BFA23E2919F97C8D00CB9341 /* Base */ = {isa = PBXFileReference; lastKnownFileType = file.storyboard; name = Base; path = Base.lproj/Main.storyboard; sourceTree = "<group>"; };
		BFA23E2B19F97C8D00CB9341 /* Images.xcassets */ = {isa = PBXFileReference; lastKnownFileType = folder.assetcatalog; path = Images.xcassets; sourceTree = "<group>"; };
		BFA23E2E19F97C8D00CB9341 /* Base */ = {isa = PBXFileReference; lastKnownFileType = file.xib; name = Base; path = Base.lproj/LaunchScreen.xib; sourceTree = "<group>"; };
		BFA23E3419F97C8D00CB9341 /* CV CalculatorTests.xctest */ = {isa = PBXFileReference; explicitFileType = wrapper.cfbundle; includeInIndex = 0; path = "CV CalculatorTests.xctest"; sourceTree = BUILT_PRODUCTS_DIR; };
		BFA23E3919F97C8D00CB9341 /* Info.plist */ = {isa = PBXFileReference; lastKnownFileType = text.plist.xml; path = Info.plist; sourceTree = "<group>"; };
		BFA23E3A19F97C8D00CB9341 /* CV_CalculatorTests.swift */ = {isa = PBXFileReference; lastKnownFileType = sourcecode.swift; path = CV_CalculatorTests.swift; sourceTree = "<group>"; };
/* End PBXFileReference section */

/* Begin PBXFrameworksBuildPhase section */
		BFA23E1A19F97C8D00CB9341 /* Frameworks */ = {
			isa = PBXFrameworksBuildPhase;
			buildActionMask = 2147483647;
			files = (
			);
			runOnlyForDeploymentPostprocessing = 0;
		};
		BFA23E3119F97C8D00CB9341 /* Frameworks */ = {
			isa = PBXFrameworksBuildPhase;
			buildActionMask = 2147483647;
			files = (
			);
			runOnlyForDeploymentPostprocessing = 0;
		};
/* End PBXFrameworksBuildPhase section */

/* Begin PBXGroup section */
		BFA23E1419F97C8D00CB9341 = {
			isa = PBXGroup;
			children = (
				BFA23E1F19F97C8D00CB9341 /* CV Calculator */,
				BFA23E3719F97C8D00CB9341 /* CV CalculatorTests */,
				BFA23E1E19F97C8D00CB9341 /* Products */,
			);
			sourceTree = "<group>";
		};
		BFA23E1E19F97C8D00CB9341 /* Products */ = {
			isa = PBXGroup;
			children = (
				BFA23E1D19F97C8D00CB9341 /* CV Calculator.app */,
				BFA23E3419F97C8D00CB9341 /* CV CalculatorTests.xctest */,
			);
			name = Products;
			sourceTree = "<group>";
		};
		BFA23E1F19F97C8D00CB9341 /* CV Calculator */ = {
			isa = PBXGroup;
			children = (
				BFA23E2219F97C8D00CB9341 /* AppDelegate.swift */,
				BFA23E2419F97C8D00CB9341 /* FirstViewController.swift */,
				BFA23E2619F97C8D00CB9341 /* SecondViewController.swift */,
				BFA23E2819F97C8D00CB9341 /* Main.storyboard */,
				BFA23E2B19F97C8D00CB9341 /* Images.xcassets */,
				BFA23E2D19F97C8D00CB9341 /* LaunchScreen.xib */,
				BFA23E2019F97C8D00CB9341 /* Supporting Files */,
			);
			path = "CV Calculator";
			sourceTree = "<group>";
		};
		BFA23E2019F97C8D00CB9341 /* Supporting Files */ = {
			isa = PBXGroup;
			children = (
				BFA23E2119F97C8D00CB9341 /* Info.plist */,
			);
			name = "Supporting Files";
			sourceTree = "<group>";
		};
		BFA23E3719F97C8D00CB9341 /* CV CalculatorTests */ = {
			isa = PBXGroup;
			children = (
				BFA23E3A19F97C8D00CB9341 /* CV_CalculatorTests.swift */,
				BFA23E3819F97C8D00CB9341 /* Supporting Files */,
			);
			path = "CV CalculatorTests";
			sourceTree = "<group>";
		};
		BFA23E3819F97C8D00CB9341 /* Supporting Files */ = {
			isa = PBXGroup;
			children = (
				BFA23E3919F97C8D00CB9341 /* Info.plist */,
			);
			name = "Supporting Files";
			sourceTree = "<group>";
		};
/* End PBXGroup section */

/* Begin PBXNativeTarget section */
		BFA23E1C19F97C8D00CB9341 /* CV Calculator */ = {
			isa = PBXNativeTarget;
			buildConfigurationList = BFA23E3E19F97C8D00CB9341 /* Build configuration list for PBXNativeTarget "CV Calculator" */;
			buildPhases = (
				BFA23E1919F97C8D00CB9341 /* Sources */,
				BFA23E1A19F97C8D00CB9341 /* Frameworks */,
				BFA23E1B19F97C8D00CB9341 /* Resources */,
			);
			buildRules = (
			);
			dependencies = (
			);
			name = "CV Calculator";
			productName = "CV Calculator";
			productReference = BFA23E1D19F97C8D00CB9341 /* CV Calculator.app */;
			productType = "com.apple.product-type.application";
		};
		BFA23E3319F97C8D00CB9341 /* CV CalculatorTests */ = {
			isa = PBXNativeTarget;
			buildConfigurationList = BFA23E4119F97C8D00CB9341 /* Build configuration list for PBXNativeTarget "CV CalculatorTests" */;
			buildPhases = (
				BFA23E3019F97C8D00CB9341 /* Sources */,
				BFA23E3119F97C8D00CB9341 /* Frameworks */,
				BFA23E3219F97C8D00CB9341 /* Resources */,
			);
			buildRules = (
			);
			dependencies = (
				BFA23E3619F97C8D00CB9341 /* PBXTargetDependency */,
			);
			name = "CV CalculatorTests";
			productName = "CV CalculatorTests";
			productReference = BFA23E3419F97C8D00CB9341 /* CV CalculatorTests.xctest */;
			productType = "com.apple.product-type.bundle.unit-test";
		};
/* End PBXNativeTarget section */

/* Begin PBXProject section */
		BFA23E1519F97C8D00CB9341 /* Project object */ = {
			isa = PBXProject;
			attributes = {
				LastUpgradeCheck = 0610;
				ORGANIZATIONNAME = "Bürkert";
				TargetAttributes = {
					BFA23E1C19F97C8D00CB9341 = {
						CreatedOnToolsVersion = 6.1;
					};
					BFA23E3319F97C8D00CB9341 = {
						CreatedOnToolsVersion = 6.1;
						TestTargetID = BFA23E1C19F97C8D00CB9341;
					};
				};
			};
			buildConfigurationList = BFA23E1819F97C8D00CB9341 /* Build configuration list for PBXProject "CV Calculator" */;
			compatibilityVersion = "Xcode 3.2";
			developmentRegion = English;
			hasScannedForEncodings = 0;
			knownRegions = (
				en,
				Base,
			);
			mainGroup = BFA23E1419F97C8D00CB9341;
			productRefGroup = BFA23E1E19F97C8D00CB9341 /* Products */;
			projectDirPath = "";
			projectRoot = "";
			targets = (
				BFA23E1C19F97C8D00CB9341 /* CV Calculator */,
				BFA23E3319F97C8D00CB9341 /* CV CalculatorTests */,
			);
		};
/* End PBXProject section */

/* Begin PBXResourcesBuildPhase section */
		BFA23E1B19F97C8D00CB9341 /* Resources */ = {
			isa = PBXResourcesBuildPhase;
			buildActionMask = 2147483647;
			files = (
				BFA23E2A19F97C8D00CB9341 /* Main.storyboard in Resources */,
				BFA23E2F19F97C8D00CB9341 /* LaunchScreen.xib in Resources */,
				BFA23E2C19F97C8D00CB9341 /* Images.xcassets in Resources */,
			);
			runOnlyForDeploymentPostprocessing = 0;
		};
		BFA23E3219F97C8D00CB9341 /* Resources */ = {
			isa = PBXResourcesBuildPhase;
			buildActionMask = 2147483647;
			files = (
			);
			runOnlyForDeploymentPostprocessing = 0;
		};
/* End PBXResourcesBuildPhase section */

/* Begin PBXSourcesBuildPhase section */
		BFA23E1919F97C8D00CB9341 /* Sources */ = {
			isa = PBXSourcesBuildPhase;
			buildActionMask = 2147483647;
			files = (
				BFA23E2719F97C8D00CB9341 /* SecondViewController.swift in Sources */,
				BFA23E2319F97C8D00CB9341 /* AppDelegate.swift in Sources */,
				BFA23E2519F97C8D00CB9341 /* FirstViewController.swift in Sources */,
			);
			runOnlyForDeploymentPostprocessing = 0;
		};
		BFA23E3019F97C8D00CB9341 /* Sources */ = {
			isa = PBXSourcesBuildPhase;
			buildActionMask = 2147483647;
			files = (
				BFA23E3B19F97C8D00CB9341 /* CV_CalculatorTests.swift in Sources */,
			);
			runOnlyForDeploymentPostprocessing = 0;
		};
/* End PBXSourcesBuildPhase section */

/* Begin PBXTargetDependency section */
		BFA23E3619F97C8D00CB9341 /* PBXTargetDependency */ = {
			isa = PBXTargetDependency;
			target = BFA23E1C19F97C8D00CB9341 /* CV Calculator */;
			targetProxy = BFA23E3519F97C8D00CB9341 /* PBXContainerItemProxy */;
		};
/* End PBXTargetDependency section */

/* Begin PBXVariantGroup section */
		BFA23E2819F97C8D00CB9341 /* Main.storyboard */ = {
			isa = PBXVariantGroup;
			children = (
				BFA23E2919F97C8D00CB9341 /* Base */,
			);
			name = Main.storyboard;
			sourceTree = "<group>";
		};
		BFA23E2D19F97C8D00CB9341 /* LaunchScreen.xib */ = {
			isa = PBXVariantGroup;
			children = (
				BFA23E2E19F97C8D00CB9341 /* Base */,
			);
			name = LaunchScreen.xib;
			sourceTree = "<group>";
		};
/* End PBXVariantGroup section */

/* Begin XCBuildConfiguration section */
		BFA23E3C19F97C8D00CB9341 /* Debug */ = {
			isa = XCBuildConfiguration;
			buildSettings = {
				ALWAYS_SEARCH_USER_PATHS = NO;
				CLANG_CXX_LANGUAGE_STANDARD = "gnu++0x";
				CLANG_CXX_LIBRARY = "libc++";
				CLANG_ENABLE_MODULES = YES;
				CLANG_ENABLE_OBJC_ARC = YES;
				CLANG_WARN_BOOL_CONVERSION = YES;
				CLANG_WARN_CONSTANT_CONVERSION = YES;
				CLANG_WARN_DIRECT_OBJC_ISA_USAGE = YES_ERROR;
				CLANG_WARN_EMPTY_BODY = YES;
				CLANG_WARN_ENUM_CONVERSION = YES;
				CLANG_WARN_INT_CONVERSION = YES;
				CLANG_WARN_OBJC_ROOT_CLASS = YES_ERROR;
				CLANG_WARN_UNREACHABLE_CODE = YES;
				CLANG_WARN__DUPLICATE_METHOD_MATCH = YES;
				"CODE_SIGN_IDENTITY[sdk=iphoneos*]" = "iPhone Developer";
				COPY_PHASE_STRIP = NO;
				ENABLE_STRICT_OBJC_MSGSEND = YES;
				GCC_C_LANGUAGE_STANDARD = gnu99;
				GCC_DYNAMIC_NO_PIC = NO;
				GCC_OPTIMIZATION_LEVEL = 0;
				GCC_PREPROCESSOR_DEFINITIONS = (
					"DEBUG=1",
					"$(inherited)",
				);
				GCC_SYMBOLS_PRIVATE_EXTERN = NO;
				GCC_WARN_64_TO_32_BIT_CONVERSION = YES;
				GCC_WARN_ABOUT_RETURN_TYPE = YES_ERROR;
				GCC_WARN_UNDECLARED_SELECTOR = YES;
				GCC_WARN_UNINITIALIZED_AUTOS = YES_AGGRESSIVE;
				GCC_WARN_UNUSED_FUNCTION = YES;
				GCC_WARN_UNUSED_VARIABLE = YES;
				IPHONEOS_DEPLOYMENT_TARGET = 8.1;
				MTL_ENABLE_DEBUG_INFO = YES;
				ONLY_ACTIVE_ARCH = YES;
				SDKROOT = iphoneos;
				SWIFT_OPTIMIZATION_LEVEL = "-Onone";
				TARGETED_DEVICE_FAMILY = "1,2";
			};
			name = Debug;
		};
		BFA23E3D19F97C8D00CB9341 /* Release */ = {
			isa = XCBuildConfiguration;
			buildSettings = {
				ALWAYS_SEARCH_USER_PATHS = NO;
				CLANG_CXX_LANGUAGE_STANDARD = "gnu++0x";
				CLANG_CXX_LIBRARY = "libc++";
				CLANG_ENABLE_MODULES = YES;
				CLANG_ENABLE_OBJC_ARC = YES;
				CLANG_WARN_BOOL_CONVERSION = YES;
				CLANG_WARN_CONSTANT_CONVERSION = YES;
				CLANG_WARN_DIRECT_OBJC_ISA_USAGE = YES_ERROR;
				CLANG_WARN_EMPTY_BODY = YES;
				CLANG_WARN_ENUM_CONVERSION = YES;
				CLANG_WARN_INT_CONVERSION = YES;
				CLANG_WARN_OBJC_ROOT_CLASS = YES_ERROR;
				CLANG_WARN_UNREACHABLE_CODE = YES;
				CLANG_WARN__DUPLICATE_METHOD_MATCH = YES;
				"CODE_SIGN_IDENTITY[sdk=iphoneos*]" = "iPhone Developer";
				COPY_PHASE_STRIP = YES;
				ENABLE_NS_ASSERTIONS = NO;
				ENABLE_STRICT_OBJC_MSGSEND = YES;
				GCC_C_LANGUAGE_STANDARD = gnu99;
				GCC_WARN_64_TO_32_BIT_CONVERSION = YES;
				GCC_WARN_ABOUT_RETURN_TYPE = YES_ERROR;
				GCC_WARN_UNDECLARED_SELECTOR = YES;
				GCC_WARN_UNINITIALIZED_AUTOS = YES_AGGRESSIVE;
				GCC_WARN_UNUSED_FUNCTION = YES;
				GCC_WARN_UNUSED_VARIABLE = YES;
				IPHONEOS_DEPLOYMENT_TARGET = 8.1;
				MTL_ENABLE_DEBUG_INFO = NO;
				SDKROOT = iphoneos;
				TARGETED_DEVICE_FAMILY = "1,2";
				VALIDATE_PRODUCT = YES;
			};
			name = Release;
		};
		BFA23E3F19F97C8D00CB9341 /* Debug */ = {
			isa = XCBuildConfiguration;
			buildSettings = {
				ASSETCATALOG_COMPILER_APPICON_NAME = AppIcon;
				INFOPLIST_FILE = "CV Calculator/Info.plist";
				LD_RUNPATH_SEARCH_PATHS = "$(inherited) @executable_path/Frameworks";
				PRODUCT_NAME = "$(TARGET_NAME)";
			};
			name = Debug;
		};
		BFA23E4019F97C8D00CB9341 /* Release */ = {
			isa = XCBuildConfiguration;
			buildSettings = {
				ASSETCATALOG_COMPILER_APPICON_NAME = AppIcon;
				INFOPLIST_FILE = "CV Calculator/Info.plist";
				LD_RUNPATH_SEARCH_PATHS = "$(inherited) @executable_path/Frameworks";
				PRODUCT_NAME = "$(TARGET_NAME)";
			};
			name = Release;
		};
		BFA23E4219F97C8D00CB9341 /* Debug */ = {
			isa = XCBuildConfiguration;
			buildSettings = {
				BUNDLE_LOADER = "$(TEST_HOST)";
				FRAMEWORK_SEARCH_PATHS = (
					"$(SDKROOT)/Developer/Library/Frameworks",
					"$(inherited)",
				);
				GCC_PREPROCESSOR_DEFINITIONS = (
					"DEBUG=1",
					"$(inherited)",
				);
				INFOPLIST_FILE = "CV CalculatorTests/Info.plist";
				LD_RUNPATH_SEARCH_PATHS = "$(inherited) @executable_path/Frameworks @loader_path/Frameworks";
				PRODUCT_NAME = "$(TARGET_NAME)";
				TEST_HOST = "$(BUILT_PRODUCTS_DIR)/CV Calculator.app/CV Calculator";
			};
			name = Debug;
		};
		BFA23E4319F97C8D00CB9341 /* Release */ = {
			isa = XCBuildConfiguration;
			buildSettings = {
				BUNDLE_LOADER = "$(TEST_HOST)";
				FRAMEWORK_SEARCH_PATHS = (
					"$(SDKROOT)/Developer/Library/Frameworks",
					"$(inherited)",
				);
				INFOPLIST_FILE = "CV CalculatorTests/Info.plist";
				LD_RUNPATH_SEARCH_PATHS = "$(inherited) @executable_path/Frameworks @loader_path/Frameworks";
				PRODUCT_NAME = "$(TARGET_NAME)";
				TEST_HOST = "$(BUILT_PRODUCTS_DIR)/CV Calculator.app/CV Calculator";
			};
			name = Release;
		};
/* End XCBuildConfiguration section */

/* Begin XCConfigurationList section */
		BFA23E1819F97C8D00CB9341 /* Build configuration list for PBXProject "CV Calculator" */ = {
			isa = XCConfigurationList;
			buildConfigurations = (
				BFA23E3C19F97C8D00CB9341 /* Debug */,
				BFA23E3D19F97C8D00CB9341 /* Release */,
			);
			defaultConfigurationIsVisible = 0;
			defaultConfigurationName = Release;
		};
		BFA23E3E19F97C8D00CB9341 /* Build configuration list for PBXNativeTarget "CV Calculator" */ = {
			isa = XCConfigurationList;
			buildConfigurations = (
				BFA23E3F19F97C8D00CB9341 /* Debug */,
				BFA23E4019F97C8D00CB9341 /* Release */,
			);
			defaultConfigurationIsVisible = 0;
		};
		BFA23E4119F97C8D00CB9341 /* Build configuration list for PBXNativeTarget "CV CalculatorTests" */ = {
			isa = XCConfigurationList;
			buildConfigurations = (
				BFA23E4219F97C8D00CB9341 /* Debug */,
				BFA23E4319F97C8D00CB9341 /* Release */,
			);
			defaultConfigurationIsVisible = 0;
		};
/* End XCConfigurationList section */
	};
	rootObject = BFA23E1519F97C8D00CB9341 /* Project object */;
}
